<?xml version="1.0" encoding="utf-8"?>
<Project ToolsVersion="4.0" xmlns="http://schemas.microsoft.com/developer/msbuild/2003">
  <ItemGroup>
    <ClInclude Include="framework.h">
      <Filter>Header Files</Filter>
    </ClInclude>
    <ClInclude Include="audio_mixer_alsa.h">
      <Filter>Header Files</Filter>
    </ClInclude>
    <ClInclude Include="audio_mixer_alsa_callback.h">
      <Filter>Header Files</Filter>
    </ClInclude>
    <ClInclude Include="audio_mixer_alsa_control.h">
      <Filter>Header Files</Filter>
    </ClInclude>
    <ClInclude Include="audio_mixer_alsa_destination.h">
      <Filter>Header Files</Filter>
    </ClInclude>
    <ClInclude Include="audio_mixer_alsa_device.h">
      <Filter>Header Files</Filter>
    </ClInclude>
    <ClInclude Include="audio_mixer_alsa_line_info.h">
      <Filter>Header Files</Filter>
    </ClInclude>
    <ClInclude Include="audio_mixer_alsa_mixer.h">
      <Filter>Header Files</Filter>
    </ClInclude>
    <ClInclude Include="audio_mixer_alsa_section.h">
      <Filter>Header Files</Filter>
    </ClInclude>
    <ClInclude Include="audio_mixer_alsa_source.h">
      <Filter>Header Files</Filter>
    </ClInclude>
    <ClInclude Include="audio_mixer_alsa_thread.h">
      <Filter>Header Files</Filter>
    </ClInclude>
    <ClInclude Include="audio_mixer_alsa_window.h">
      <Filter>Header Files</Filter>
    </ClInclude>
    <ClInclude Include="audio_mixer_alsa_factory.h">
      <Filter>Header Files</Filter>
    </ClInclude>
  </ItemGroup>
  <ItemGroup>
    <Filter Include="Header Files">
      <UniqueIdentifier>{ca2b3e32-ec54-499e-af43-9981739cba38}</UniqueIdentifier>
    </Filter>
    <Filter Include="Source Files">
      <UniqueIdentifier>{ed054474-7c70-438b-89ad-4cc9b175132a}</UniqueIdentifier>
    </Filter>
  </ItemGroup>
  <ItemGroup>
    <ClCompile Include="framework.cpp">
      <Filter>Source Files</Filter>
    </ClCompile>
    <ClCompile Include="audio_mixer_alsa_callback.cpp">
      <Filter>Source Files</Filter>
    </ClCompile>
    <ClCompile Include="audio_mixer_alsa_control.cpp">
      <Filter>Source Files</Filter>
    </ClCompile>
    <ClCompile Include="audio_mixer_alsa_destination.cpp">
      <Filter>Source Files</Filter>
    </ClCompile>
    <ClCompile Include="audio_mixer_alsa_device.cpp">
      <Filter>Source Files</Filter>
    </ClCompile>
    <ClCompile Include="audio_mixer_alsa_line_info.cpp">
      <Filter>Source Files</Filter>
    </ClCompile>
    <ClCompile Include="audio_mixer_alsa_mixer.cpp">
      <Filter>Source Files</Filter>
    </ClCompile>
    <ClCompile Include="audio_mixer_alsa_section.cpp">
      <Filter>Source Files</Filter>
    </ClCompile>
    <ClCompile Include="audio_mixer_alsa_source.cpp">
      <Filter>Source Files</Filter>
    </ClCompile>
    <ClCompile Include="audio_mixer_alsa_thread.cpp">
      <Filter>Source Files</Filter>
    </ClCompile>
    <ClCompile Include="audio_mixer_alsa_window.cpp">
      <Filter>Source Files</Filter>
    </ClCompile>
    <ClCompile Include="audio_mixer_alsa_factory.cpp">
      <Filter>Source Files</Filter>
    </ClCompile>
  </ItemGroup>
  <ItemGroup>
    <None Include="audio_mixer_alsa.def">
      <Filter>Source Files</Filter>
    </None>
  </ItemGroup>
</Project>